// !$*UTF8*$!
{
	archiveVersion = 1;
	classes = {
	};
	objectVersion = 46;
	objects = {

/* Begin PBXBuildFile section */
		8486F3F01D74630D001DFC59 /* main.m in Sources */ = {isa = PBXBuildFile; fileRef = 8486F3EF1D74630D001DFC59 /* main.m */; };
		8486F3F31D74630D001DFC59 /* AppDelegate.m in Sources */ = {isa = PBXBuildFile; fileRef = 8486F3F21D74630D001DFC59 /* AppDelegate.m */; };
		8486F3F91D74630D001DFC59 /* Main.storyboard in Resources */ = {isa = PBXBuildFile; fileRef = 8486F3F71D74630D001DFC59 /* Main.storyboard */; };
		8486F3FB1D74630D001DFC59 /* Assets.xcassets in Resources */ = {isa = PBXBuildFile; fileRef = 8486F3FA1D74630D001DFC59 /* Assets.xcassets */; };
		8486F3FE1D74630D001DFC59 /* LaunchScreen.storyboard in Resources */ = {isa = PBXBuildFile; fileRef = 8486F3FC1D74630D001DFC59 /* LaunchScreen.storyboard */; };
		8486F4071D7464C1001DFC59 /* DQCollectionViewController.m in Sources */ = {isa = PBXBuildFile; fileRef = 8486F4061D7464C1001DFC59 /* DQCollectionViewController.m */; };
		8486F40A1D746BE9001DFC59 /* DQCollectionViewCell.m in Sources */ = {isa = PBXBuildFile; fileRef = 8486F4091D746BE9001DFC59 /* DQCollectionViewCell.m */; };
		8486F40D1D74749D001DFC59 /* CategroyBaseView.m in Sources */ = {isa = PBXBuildFile; fileRef = 8486F40C1D74749D001DFC59 /* CategroyBaseView.m */; };
		8486F4101D747762001DFC59 /* CategroyCell.m in Sources */ = {isa = PBXBuildFile; fileRef = 8486F40F1D747762001DFC59 /* CategroyCell.m */; };
		8486F4131D747B86001DFC59 /* DetailCategroyBaseView.m in Sources */ = {isa = PBXBuildFile; fileRef = 8486F4121D747B86001DFC59 /* DetailCategroyBaseView.m */; };
		8486F4161D748F22001DFC59 /* DetailCell.m in Sources */ = {isa = PBXBuildFile; fileRef = 8486F4151D748F22001DFC59 /* DetailCell.m */; };
/* End PBXBuildFile section */

/* Begin PBXFileReference section */
		8486F3EB1D74630D001DFC59 /* CategroyCollectionView.app */ = {isa = PBXFileReference; explicitFileType = wrapper.application; includeInIndex = 0; path = CategroyCollectionView.app; sourceTree = BUILT_PRODUCTS_DIR; };
		8486F3EF1D74630D001DFC59 /* main.m */ = {isa = PBXFileReference; lastKnownFileType = sourcecode.c.objc; path = main.m; sourceTree = "<group>"; };
		8486F3F11D74630D001DFC59 /* AppDelegate.h */ = {isa = PBXFileReference; lastKnownFileType = sourcecode.c.h; path = AppDelegate.h; sourceTree = "<group>"; };
		8486F3F21D74630D001DFC59 /* AppDelegate.m */ = {isa = PBXFileReference; lastKnownFileType = sourcecode.c.objc; path = AppDelegate.m; sourceTree = "<group>"; };
		8486F3F81D74630D001DFC59 /* Base */ = {isa = PBXFileReference; lastKnownFileType = file.storyboard; name = Base; path = Base.lproj/Main.storyboard; sourceTree = "<group>"; };
		8486F3FA1D74630D001DFC59 /* Assets.xcassets */ = {isa = PBXFileReference; lastKnownFileType = folder.assetcatalog; path = Assets.xcassets; sourceTree = "<group>"; };
		8486F3FD1D74630D001DFC59 /* Base */ = {isa = PBXFileReference; lastKnownFileType = file.storyboard; name = Base; path = Base.lproj/LaunchScreen.storyboard; sourceTree = "<group>"; };
		8486F3FF1D74630D001DFC59 /* Info.plist */ = {isa = PBXFileReference; lastKnownFileType = text.plist.xml; path = Info.plist; sourceTree = "<group>"; };
		8486F4051D7464C1001DFC59 /* DQCollectionViewController.h */ = {isa = PBXFileReference; fileEncoding = 4; lastKnownFileType = sourcecode.c.h; path = DQCollectionViewController.h; sourceTree = "<group>"; };
		8486F4061D7464C1001DFC59 /* DQCollectionViewController.m */ = {isa = PBXFileReference; fileEncoding = 4; lastKnownFileType = sourcecode.c.objc; path = DQCollectionViewController.m; sourceTree = "<group>"; };
		8486F4081D746BE9001DFC59 /* DQCollectionViewCell.h */ = {isa = PBXFileReference; fileEncoding = 4; lastKnownFileType = sourcecode.c.h; path = DQCollectionViewCell.h; sourceTree = "<group>"; };
		8486F4091D746BE9001DFC59 /* DQCollectionViewCell.m */ = {isa = PBXFileReference; fileEncoding = 4; lastKnownFileType = sourcecode.c.objc; path = DQCollectionViewCell.m; sourceTree = "<group>"; };
		8486F40B1D74749D001DFC59 /* CategroyBaseView.h */ = {isa = PBXFileReference; fileEncoding = 4; lastKnownFileType = sourcecode.c.h; path = CategroyBaseView.h; sourceTree = "<group>"; };
		8486F40C1D74749D001DFC59 /* CategroyBaseView.m */ = {isa = PBXFileReference; fileEncoding = 4; lastKnownFileType = sourcecode.c.objc; path = CategroyBaseView.m; sourceTree = "<group>"; };
		8486F40E1D747762001DFC59 /* CategroyCell.h */ = {isa = PBXFileReference; fileEncoding = 4; lastKnownFileType = sourcecode.c.h; path = CategroyCell.h; sourceTree = "<group>"; };
		8486F40F1D747762001DFC59 /* CategroyCell.m */ = {isa = PBXFileReference; fileEncoding = 4; lastKnownFileType = sourcecode.c.objc; path = CategroyCell.m; sourceTree = "<group>"; };
		8486F4111D747B86001DFC59 /* DetailCategroyBaseView.h */ = {isa = PBXFileReference; fileEncoding = 4; lastKnownFileType = sourcecode.c.h; path = DetailCategroyBaseView.h; sourceTree = "<group>"; };
		8486F4121D747B86001DFC59 /* DetailCategroyBaseView.m */ = {isa = PBXFileReference; fileEncoding = 4; lastKnownFileType = sourcecode.c.objc; path = DetailCategroyBaseView.m; sourceTree = "<group>"; };
		8486F4141D748F22001DFC59 /* DetailCell.h */ = {isa = PBXFileReference; fileEncoding = 4; lastKnownFileType = sourcecode.c.h; path = DetailCell.h; sourceTree = "<group>"; };
		8486F4151D748F22001DFC59 /* DetailCell.m */ = {isa = PBXFileReference; fileEncoding = 4; lastKnownFileType = sourcecode.c.objc; path = DetailCell.m; sourceTree = "<group>"; };
/* End PBXFileReference section */

/* Begin PBXFrameworksBuildPhase section */
		8486F3E81D74630D001DFC59 /* Frameworks */ = {
			isa = PBXFrameworksBuildPhase;
			buildActionMask = 2147483647;
			files = (
			);
			runOnlyForDeploymentPostprocessing = 0;
		};
/* End PBXFrameworksBuildPhase section */

/* Begin PBXGroup section */
		8486F3E21D74630D001DFC59 = {
			isa = PBXGroup;
			children = (
				8486F3ED1D74630D001DFC59 /* CategroyCollectionView */,
				8486F3EC1D74630D001DFC59 /* Products */,
			);
			sourceTree = "<group>";
		};
		8486F3EC1D74630D001DFC59 /* Products */ = {
			isa = PBXGroup;
			children = (
				8486F3EB1D74630D001DFC59 /* CategroyCollectionView.app */,
			);
			name = Products;
			sourceTree = "<group>";
		};
		8486F3ED1D74630D001DFC59 /* CategroyCollectionView */ = {
			isa = PBXGroup;
			children = (
				8486F4051D7464C1001DFC59 /* DQCollectionViewController.h */,
				8486F4061D7464C1001DFC59 /* DQCollectionViewController.m */,
				8486F4081D746BE9001DFC59 /* DQCollectionViewCell.h */,
				8486F4091D746BE9001DFC59 /* DQCollectionViewCell.m */,
				8486F4111D747B86001DFC59 /* DetailCategroyBaseView.h */,
				8486F4121D747B86001DFC59 /* DetailCategroyBaseView.m */,
				8486F40B1D74749D001DFC59 /* CategroyBaseView.h */,
				8486F40C1D74749D001DFC59 /* CategroyBaseView.m */,
				8486F40E1D747762001DFC59 /* CategroyCell.h */,
				8486F40F1D747762001DFC59 /* CategroyCell.m */,
				8486F3F11D74630D001DFC59 /* AppDelegate.h */,
				8486F3F21D74630D001DFC59 /* AppDelegate.m */,
				8486F3F71D74630D001DFC59 /* Main.storyboard */,
				8486F3FA1D74630D001DFC59 /* Assets.xcassets */,
				8486F3FC1D74630D001DFC59 /* LaunchScreen.storyboard */,
				8486F3FF1D74630D001DFC59 /* Info.plist */,
				8486F3EE1D74630D001DFC59 /* Supporting Files */,
				8486F4141D748F22001DFC59 /* DetailCell.h */,
				8486F4151D748F22001DFC59 /* DetailCell.m */,
			);
			path = CategroyCollectionView;
			sourceTree = "<group>";
		};
		8486F3EE1D74630D001DFC59 /* Supporting Files */ = {
			isa = PBXGroup;
			children = (
				8486F3EF1D74630D001DFC59 /* main.m */,
			);
			name = "Supporting Files";
			sourceTree = "<group>";
		};
/* End PBXGroup section */

/* Begin PBXNativeTarget section */
		8486F3EA1D74630D001DFC59 /* CategroyCollectionView */ = {
			isa = PBXNativeTarget;
			buildConfigurationList = 8486F4021D74630D001DFC59 /* Build configuration list for PBXNativeTarget "CategroyCollectionView" */;
			buildPhases = (
				8486F3E71D74630D001DFC59 /* Sources */,
				8486F3E81D74630D001DFC59 /* Frameworks */,
				8486F3E91D74630D001DFC59 /* Resources */,
			);
			buildRules = (
			);
			dependencies = (
			);
			name = CategroyCollectionView;
			productName = CategroyCollectionView;
			productReference = 8486F3EB1D74630D001DFC59 /* CategroyCollectionView.app */;
			productType = "com.apple.product-type.application";
		};
/* End PBXNativeTarget section */

/* Begin PBXProject section */
		8486F3E31D74630D001DFC59 /* Project object */ = {
			isa = PBXProject;
			attributes = {
				LastUpgradeCheck = 0730;
				ORGANIZATIONNAME = Derrick_Qin;
				TargetAttributes = {
					8486F3EA1D74630D001DFC59 = {
						CreatedOnToolsVersion = 7.3.1;
					};
				};
			};
			buildConfigurationList = 8486F3E61D74630D001DFC59 /* Build configuration list for PBXProject "CategroyCollectionView" */;
			compatibilityVersion = "Xcode 3.2";
			developmentRegion = English;
			hasScannedForEncodings = 0;
			knownRegions = (
				en,
				Base,
			);
			mainGroup = 8486F3E21D74630D001DFC59;
			productRefGroup = 8486F3EC1D74630D001DFC59 /* Products */;
			projectDirPath = "";
			projectRoot = "";
			targets = (
				8486F3EA1D74630D001DFC59 /* CategroyCollectionView */,
			);
		};
/* End PBXProject section */

/* Begin PBXResourcesBuildPhase section */
		8486F3E91D74630D001DFC59 /* Resources */ = {
			isa = PBXResourcesBuildPhase;
			buildActionMask = 2147483647;
			files = (
				8486F3FE1D74630D001DFC59 /* LaunchScreen.storyboard in Resources */,
				8486F3FB1D74630D001DFC59 /* Assets.xcassets in Resources */,
				8486F3F91D74630D001DFC59 /* Main.storyboard in Resources */,
			);
			runOnlyForDeploymentPostprocessing = 0;
		};
/* End PBXResourcesBuildPhase section */

/* Begin PBXSourcesBuildPhase section */
		8486F3E71D74630D001DFC59 /* Sources */ = {
			isa = PBXSourcesBuildPhase;
			buildActionMask = 2147483647;
			files = (
				8486F3F31D74630D001DFC59 /* AppDelegate.m in Sources */,
				8486F4131D747B86001DFC59 /* DetailCategroyBaseView.m in Sources */,
				8486F4101D747762001DFC59 /* CategroyCell.m in Sources */,
				8486F3F01D74630D001DFC59 /* main.m in Sources */,
				8486F4161D748F22001DFC59 /* DetailCell.m in Sources */,
				8486F4071D7464C1001DFC59 /* DQCollectionViewController.m in Sources */,
				8486F40A1D746BE9001DFC59 /* DQCollectionViewCell.m in Sources */,
				8486F40D1D74749D001DFC59 /* CategroyBaseView.m in Sources */,
			);
			runOnlyForDeploymentPostprocessing = 0;
		};
/* End PBXSourcesBuildPhase section */

/* Begin PBXVariantGroup section */
		8486F3F71D74630D001DFC59 /* Main.storyboard */ = {
			isa = PBXVariantGroup;
			children = (
				8486F3F81D74630D001DFC59 /* Base */,
			);
			name = Main.storyboard;
			sourceTree = "<group>";
		};
		8486F3FC1D74630D001DFC59 /* LaunchScreen.storyboard */ = {
			isa = PBXVariantGroup;
			children = (
				8486F3FD1D74630D001DFC59 /* Base */,
			);
			name = LaunchScreen.storyboard;
			sourceTree = "<group>";
		};
/* End PBXVariantGroup section */

/* Begin XCBuildConfiguration section */
		8486F4001D74630D001DFC59 /* Debug */ = {
			isa = XCBuildConfiguration;
			buildSettings = {
				ALWAYS_SEARCH_USER_PATHS = NO;
				CLANG_ANALYZER_NONNULL = YES;
				CLANG_CXX_LANGUAGE_STANDARD = "gnu++0x";
				CLANG_CXX_LIBRARY = "libc++";
				CLANG_ENABLE_MODULES = YES;
				CLANG_ENABLE_OBJC_ARC = YES;
				CLANG_WARN_BOOL_CONVERSION = YES;
				CLANG_WARN_CONSTANT_CONVERSION = YES;
				CLANG_WARN_DIRECT_OBJC_ISA_USAGE = YES_ERROR;
				CLANG_WARN_EMPTY_BODY = YES;
				CLANG_WARN_ENUM_CONVERSION = YES;
				CLANG_WARN_INT_CONVERSION = YES;
				CLANG_WARN_OBJC_ROOT_CLASS = YES_ERROR;
				CLANG_WARN_UNREACHABLE_CODE = YES;
				CLANG_WARN__DUPLICATE_METHOD_MATCH = YES;
				"CODE_SIGN_IDENTITY[sdk=iphoneos*]" = "iPhone Developer";
				COPY_PHASE_STRIP = NO;
				DEBUG_INFORMATION_FORMAT = dwarf;
				ENABLE_STRICT_OBJC_MSGSEND = YES;
				ENABLE_TESTABILITY = YES;
				GCC_C_LANGUAGE_STANDARD = gnu99;
				GCC_DYNAMIC_NO_PIC = NO;
				GCC_NO_COMMON_BLOCKS = YES;
				GCC_OPTIMIZATION_LEVEL = 0;
				GCC_PREPROCESSOR_DEFINITIONS = (
					"DEBUG=1",
					"$(inherited)",
				);
				GCC_WARN_64_TO_32_BIT_CONVERSION = YES;
				GCC_WARN_ABOUT_RETURN_TYPE = YES_ERROR;
				GCC_WARN_UNDECLARED_SELECTOR = YES;
				GCC_WARN_UNINITIALIZED_AUTOS = YES_AGGRESSIVE;
				GCC_WARN_UNUSED_FUNCTION = YES;
				GCC_WARN_UNUSED_VARIABLE = YES;
				IPHONEOS_DEPLOYMENT_TARGET = 9.3;
				MTL_ENABLE_DEBUG_INFO = YES;
				ONLY_ACTIVE_ARCH = YES;
				SDKROOT = iphoneos;
			};
			name = Debug;
		};
		8486F4011D74630D001DFC59 /* Release */ = {
			isa = XCBuildConfiguration;
			buildSettings = {
				ALWAYS_SEARCH_USER_PATHS = NO;
				CLANG_ANALYZER_NONNULL = YES;
				CLANG_CXX_LANGUAGE_STANDARD = "gnu++0x";
				CLANG_CXX_LIBRARY = "libc++";
				CLANG_ENABLE_MODULES = YES;
				CLANG_ENABLE_OBJC_ARC = YES;
				CLANG_WARN_BOOL_CONVERSION = YES;
				CLANG_WARN_CONSTANT_CONVERSION = YES;
				CLANG_WARN_DIRECT_OBJC_ISA_USAGE = YES_ERROR;
				CLANG_WARN_EMPTY_BODY = YES;
				CLANG_WARN_ENUM_CONVERSION = YES;
				CLANG_WARN_INT_CONVERSION = YES;
				CLANG_WARN_OBJC_ROOT_CLASS = YES_ERROR;
				CLANG_WARN_UNREACHABLE_CODE = YES;
				CLANG_WARN__DUPLICATE_METHOD_MATCH = YES;
				"CODE_SIGN_IDENTITY[sdk=iphoneos*]" = "iPhone Developer";
				COPY_PHASE_STRIP = NO;
				DEBUG_INFORMATION_FORMAT = "dwarf-with-dsym";
				ENABLE_NS_ASSERTIONS = NO;
				ENABLE_STRICT_OBJC_MSGSEND = YES;
				GCC_C_LANGUAGE_STANDARD = gnu99;
				GCC_NO_COMMON_BLOCKS = YES;
				GCC_WARN_64_TO_32_BIT_CONVERSION = YES;
				GCC_WARN_ABOUT_RETURN_TYPE = YES_ERROR;
				GCC_WARN_UNDECLARED_SELECTOR = YES;
				GCC_WARN_UNINITIALIZED_AUTOS = YES_AGGRESSIVE;
				GCC_WARN_UNUSED_FUNCTION = YES;
				GCC_WARN_UNUSED_VARIABLE = YES;
				IPHONEOS_DEPLOYMENT_TARGET = 9.3;
				MTL_ENABLE_DEBUG_INFO = NO;
				SDKROOT = iphoneos;
				VALIDATE_PRODUCT = YES;
			};
			name = Release;
		};
		8486F4031D74630D001DFC59 /* Debug */ = {
			isa = XCBuildConfiguration;
			buildSettings = {
				ASSETCATALOG_COMPILER_APPICON_NAME = AppIcon;
				INFOPLIST_FILE = CategroyCollectionView/Info.plist;
				LD_RUNPATH_SEARCH_PATHS = "$(inherited) @executable_path/Frameworks";
				PRODUCT_BUNDLE_IDENTIFIER = com.DerrickQin.CategroyCollectionView;
				PRODUCT_NAME = "$(TARGET_NAME)";
			};
			name = Debug;
		};
		8486F4041D74630D001DFC59 /* Release */ = {
			isa = XCBuildConfiguration;
			buildSettings = {
				ASSETCATALOG_COMPILER_APPICON_NAME = AppIcon;
				INFOPLIST_FILE = CategroyCollectionView/Info.plist;
				LD_RUNPATH_SEARCH_PATHS = "$(inherited) @executable_path/Frameworks";
				PRODUCT_BUNDLE_IDENTIFIER = com.DerrickQin.CategroyCollectionView;
				PRODUCT_NAME = "$(TARGET_NAME)";
			};
			name = Release;
		};
/* End XCBuildConfiguration section */

/* Begin XCConfigurationList section */
		8486F3E61D74630D001DFC59 /* Build configuration list for PBXProject "CategroyCollectionView" */ = {
			isa = XCConfigurationList;
			buildConfigurations = (
				8486F4001D74630D001DFC59 /* Debug */,
				8486F4011D74630D001DFC59 /* Release */,
			);
			defaultConfigurationIsVisible = 0;
			defaultConfigurationName = Release;
		};
		8486F4021D74630D001DFC59 /* Build configuration list for PBXNativeTarget "CategroyCollectionView" */ = {
			isa = XCConfigurationList;
			buildConfigurations = (
				8486F4031D74630D001DFC59 /* Debug */,
				8486F4041D74630D001DFC59 /* Release */,
			);
			defaultConfigurationIsVisible = 0;
			defaultConfigurationName = Release;
		};
/* End XCConfigurationList section */
	};
	rootObject = 8486F3E31D74630D001DFC59 /* Project object */;
}
